<?xml version="1.0" encoding="utf-8"?>
<Project ToolsVersion="4.0" xmlns="http://schemas.microsoft.com/developer/msbuild/2003">
  <ItemGroup>
    <Filter Include="源文件">
      <UniqueIdentifier>{4FC737F1-C7A5-4376-A066-2A32D752A2FF}</UniqueIdentifier>
      <Extensions>cpp;c;cc;cxx;def;odl;idl;hpj;bat;asm;asmx</Extensions>
    </Filter>
    <Filter Include="头文件">
      <UniqueIdentifier>{93995380-89BD-4b04-88EB-625FBE52EBFB}</UniqueIdentifier>
      <Extensions>h;hh;hpp;hxx;hm;inl;inc;xsd</Extensions>
    </Filter>
    <Filter Include="资源文件">
      <UniqueIdentifier>{67DA6AB6-F800-4c08-8B7A-83BB121AAD01}</UniqueIdentifier>
      <Extensions>rc;ico;cur;bmp;dlg;rc2;rct;bin;rgs;gif;jpg;jpeg;jpe;resx;tiff;tif;png;wav;mfcribbon-ms</Extensions>
    </Filter>
    <Filter Include="源文件\rwbmp">
      <UniqueIdentifier>{d4a6e5f8-18b3-4fde-94ab-fc2940a68103}</UniqueIdentifier>
    </Filter>
    <Filter Include="源文件\2drle">
      <UniqueIdentifier>{a7e840ca-c541-46fb-b8ba-c38b23dc3381}</UniqueIdentifier>
    </Filter>
    <Filter Include="源文件\scroll">
      <UniqueIdentifier>{0b0dcdf4-60e8-4b1b-90d0-9e494bac0c54}</UniqueIdentifier>
    </Filter>
    <Filter Include="源文件\1drle">
      <UniqueIdentifier>{403cbd26-7e70-47e1-a601-be29ef31e6ae}</UniqueIdentifier>
    </Filter>
    <Filter Include="源文件\testdata">
      <UniqueIdentifier>{c6d08dbc-2471-4dee-bd76-99210d9e797c}</UniqueIdentifier>
    </Filter>
    <Filter Include="源文件\spacescan">
      <UniqueIdentifier>{d55cbb47-cd87-4848-baa9-2e5e6ff6a369}</UniqueIdentifier>
    </Filter>
  </ItemGroup>
  <ItemGroup>
    <Text Include="ReadMe.txt" />
  </ItemGroup>
  <ItemGroup>
    <ClInclude Include="stdafx.h">
      <Filter>头文件</Filter>
    </ClInclude>
    <ClInclude Include="targetver.h">
      <Filter>头文件</Filter>
    </ClInclude>
    <ClInclude Include="src\rwbmp\rw_bmp24.h">
      <Filter>源文件\rwbmp</Filter>
    </ClInclude>
    <ClInclude Include="src\common.h">
      <Filter>源文件</Filter>
    </ClInclude>
    <ClInclude Include="src\2drle\2drle.h">
      <Filter>源文件\2drle</Filter>
    </ClInclude>
    <ClInclude Include="src\scroll\check_scroll.h">
      <Filter>源文件\scroll</Filter>
    </ClInclude>
    <ClInclude Include="src\1drle\rle.h">
      <Filter>源文件\1drle</Filter>
    </ClInclude>
    <ClInclude Include="src\testdata\data1.h">
      <Filter>源文件\testdata</Filter>
    </ClInclude>
    <ClInclude Include="src\spacescan\spacescan.h">
      <Filter>源文件\spacescan</Filter>
    </ClInclude>
  </ItemGroup>
  <ItemGroup>
    <ClCompile Include="stdafx.cpp">
      <Filter>源文件</Filter>
    </ClCompile>
    <ClCompile Include="src\main.cpp">
      <Filter>源文件</Filter>
    </ClCompile>
    <ClCompile Include="src\rwbmp\rw_bmp24.c">
      <Filter>源文件\rwbmp</Filter>
    </ClCompile>
    <ClCompile Include="src\2drle\2drle.c">
      <Filter>源文件\2drle</Filter>
    </ClCompile>
    <ClCompile Include="src\scroll\check_scroll.c">
      <Filter>源文件\scroll</Filter>
    </ClCompile>
    <ClCompile Include="src\1drle\rle.c">
      <Filter>源文件\1drle</Filter>
    </ClCompile>
    <ClCompile Include="src\spacescan\spacescan.c">
      <Filter>源文件\spacescan</Filter>
    </ClCompile>
  </ItemGroup>
</Project>